{
  "name": "12-weatherscrape",
  "lockfileVersion": 2,
  "requires": true,
  "packages": {
    "": {
      "dependencies": {
        "openweather-apis": "^4.4.2"
      }
    },
    "node_modules/openweather-apis": {
      "version": "4.4.2",
      "resolved": "https://registry.npmjs.org/openweather-apis/-/openweather-apis-4.4.2.tgz",
      "integrity": "sha512-hhmpDtG8/nC1kbfSo2rGeryORN3HY+c4GugdvsOQi22rtML0wT4MQ1kTosRv58SwFOX/9jRziWzEEvidydbvMg=="
    }
  },
  "dependencies": {
    "openweather-apis": {
      "version": "4.4.2",
      "resolved": "https://registry.npmjs.org/openweather-apis/-/openweather-apis-4.4.2.tgz",
      "integrity": "sha512-hhmpDtG8/nC1kbfSo2rGeryORN3HY+c4GugdvsOQi22rtML0wT4MQ1kTosRv58SwFOX/9jRziWzEEvidydbvMg=="
    }
  }
}
